
Microsoft Visual Studio Solution File, Format Version 12.00
# Visual Studio 15
VisualStudioVersion = 15.0.27130.2024
MinimumVisualStudioVersion = 10.0.40219.1
Project("{FAE04EC0-301F-11D3-BF4B-00C04F79EFBC}") = "G1ANT.Addon.IExplorer", "G1ANT.Addon.IExplorer\G1ANT.Addon.IE\G1ANT.Addon.IExplorer.csproj", "{CEA69D5A-91C9-43D9-8928-F41D69E85BAF}"
EndProject
Project("{FAE04EC0-301F-11D3-BF4B-00C04F79EFBC}") = "G1ANT.Addon.MSOffice", "G1ANT.Addon.MSOffice\G1ANT.Addon.MSOffice\G1ANT.Addon.MSOffice.csproj", "{E2E36395-6AE4-42EB-8FD7-9A7C9B7C37B5}"
EndProject
Project("{FAE04EC0-301F-11D3-BF4B-00C04F79EFBC}") = "G1ANT.Addon.MSOffice.Tests", "G1ANT.Addon.MSOffice\G1ANT.Addon.MSOffice.Tests\G1ANT.Addon.MSOffice.Tests.csproj", "{BAFB3E9D-4BDD-4D7D-9237-435F7F32882A}"
EndProject
Project("{FAE04EC0-301F-11D3-BF4B-00C04F79EFBC}") = "Watin.Core", "Watin.Core\Watin.Core.csproj", "{217E2D34-F6DF-431B-AC5A-B368F481A530}"
EndProject
Project("{FAE04EC0-301F-11D3-BF4B-00C04F79EFBC}") = "G1ANT.Addon.IExplorer.Tests", "G1ANT.Addon.IExplorer\G1ANT.Addon.IE.Tests\G1ANT.Addon.IExplorer.Tests.csproj", "{FF7591D8-EAE0-4F74-90B0-ECBBD972CB41}"
EndProject
Project("{FAE04EC0-301F-11D3-BF4B-00C04F79EFBC}") = "G1ANT.Addon.Selenium", "G1ANT.Addon.Selenium\G1ANT.Addon.Selenium\G1ANT.Addon.Selenium.csproj", "{3A10D8A2-7812-41ED-AB27-2C60F3B856D5}"
EndProject
Project("{FAE04EC0-301F-11D3-BF4B-00C04F79EFBC}") = "G1ANT.Addon.Selenium.Tests", "G1ANT.Addon.Selenium\G1ANT.Addon.Selenium.Tests\G1ANT.Addon.Selenium.Tests.csproj", "{067E5148-0829-44D5-92CE-8AAC1CEB7E45}"
EndProject
Project("{FAE04EC0-301F-11D3-BF4B-00C04F79EFBC}") = "G1ANT.Addon.Net", "G1ANT.Addon.Net\G1ANT.Addon.Net\G1ANT.Addon.Net.csproj", "{C8DB051F-B029-4758-A9B8-209F1A45223D}"
EndProject
Project("{FAE04EC0-301F-11D3-BF4B-00C04F79EFBC}") = "G1ANT.Addon.Net.Tests", "G1ANT.Addon.Net\G1ANT.Addon.Net.Tests\G1ANT.Addon.Net.Tests.csproj", "{0C40C844-5B27-4C04-917D-E6999C6D756B}"
EndProject
Project("{FAE04EC0-301F-11D3-BF4B-00C04F79EFBC}") = "G1ANT.Addon.Ocr", "G1ANT.Addon.Ocr\G1ANT.Addon.Ocr\G1ANT.Addon.Ocr.csproj", "{3B1DC446-00EF-4DC1-AD42-41D76C3DE2A8}"
EndProject
Project("{FAE04EC0-301F-11D3-BF4B-00C04F79EFBC}") = "G1ANT.Addon.OCR.Tesseract", "G1ANT.Addon.OCR.Tesseract\G1ANT.Addon.OCR.Tesseract\G1ANT.Addon.OCR.Tesseract.csproj", "{700E09BD-F443-4181-A42A-E9D098F652AD}"
EndProject
Project("{FAE04EC0-301F-11D3-BF4B-00C04F79EFBC}") = "G1ANT.Addon.Ocr.Tests", "G1ANT.Addon.Ocr\G1ANT.Addon.Ocr.Tests\G1ANT.Addon.Ocr.Tests.csproj", "{DC8C80D5-3786-46C0-8D10-7E4997182C12}"
EndProject
Project("{FAE04EC0-301F-11D3-BF4B-00C04F79EFBC}") = "G1ANT.Addon.Ocr.Tesseract.Tests", "G1ANT.Addon.OCR.Tesseract\G1ANT.Addon.Ocr.Tesseract.Tests\G1ANT.Addon.Ocr.Tesseract.Tests.csproj", "{3318187F-3198-4D74-B39E-7D86FAF06D97}"
EndProject
Project("{FAE04EC0-301F-11D3-BF4B-00C04F79EFBC}") = "G1ANT.Addon.Ocr.AbbyyFineReader", "G1ANT.Addon.Ocr.AbbyFineReader\G1ANT.Addon.AbbyFineReader\G1ANT.Addon.Ocr.AbbyyFineReader.csproj", "{FF05A155-C4AB-4B5F-A4ED-0FB0D2B94EF9}"
EndProject
Project("{FAE04EC0-301F-11D3-BF4B-00C04F79EFBC}") = "G1ANT.Addon.Ocr.AbbyyFineReader.Tests", "G1ANT.Addon.Ocr.AbbyFineReader\G1ANT.Addon.Ocr.AbbyyFineReader.Tests\G1ANT.Addon.Ocr.AbbyyFineReader.Tests.csproj", "{B748C68E-D446-4659-AB58-B995EB075BD5}"
EndProject
Project("{FAE04EC0-301F-11D3-BF4B-00C04F79EFBC}") = "G1ANT.Addon.GoogleDocs", "G1ANT.Addon.GoogleDocs\G1ANT.Addon.GoogleDocs\G1ANT.Addon.GoogleDocs.csproj", "{5A6E726B-4BDE-470B-863F-114320914C9B}"
EndProject
Project("{FAE04EC0-301F-11D3-BF4B-00C04F79EFBC}") = "G1ANT.Addon.GoogleDocs.Tests", "G1ANT.Addon.GoogleDocs\G1ANT.Addon.GoogleDocs.Tests\G1ANT.Addon.GoogleDocs.Tests.csproj", "{F7337DE7-7BEE-4163-9398-612F6737E03E}"
EndProject
Project("{FAE04EC0-301F-11D3-BF4B-00C04F79EFBC}") = "G1ANT.Addon.Images", "G1ANT.Addon.Images\G1ANT.Addon.Images\G1ANT.Addon.Images.csproj", "{41D8DB37-18A0-46EB-A7C4-847C4E54F403}"
EndProject
Project("{FAE04EC0-301F-11D3-BF4B-00C04F79EFBC}") = "G1ANT.Addon.Images.Tests", "G1ANT.Addon.Images\G1ANT.Addon.Images.Tests\G1ANT.Addon.Images.Tests.csproj", "{F5EC3625-B099-47FD-A4DD-34F78E72831C}"
EndProject
Project("{FAE04EC0-301F-11D3-BF4B-00C04F79EFBC}") = "G1ANT.Addon.Mscrm", "G1ANT.Addon.Mscrm\G1ANT.Addon.Mscrm\G1ANT.Addon.Mscrm.csproj", "{86EA232A-F651-486F-AC25-1D23D20F4689}"
EndProject
Project("{FAE04EC0-301F-11D3-BF4B-00C04F79EFBC}") = "G1ANT.Addon.Watson", "G1ANT.Addon.Watson\G1ANT.Addon.Watson\G1ANT.Addon.Watson.csproj", "{D955D12E-6054-424F-AD2F-4FBBDD0F0238}"
EndProject
Project("{FAE04EC0-301F-11D3-BF4B-00C04F79EFBC}") = "G1ANT.Addon.Watson.Tests", "G1ANT.Addon.Watson\G1ANT.Addon.Watson.Tests\G1ANT.Addon.Watson.Tests.csproj", "{8941ED70-D9C9-46F6-9229-1DA807645B3A}"
EndProject
Project("{FAE04EC0-301F-11D3-BF4B-00C04F79EFBC}") = "G1ANT.Addon.Mscrm.Tests", "G1ANT.Addon.Mscrm\G1ANT.Addon.Mscrm.Tests\G1ANT.Addon.Mscrm.Tests.csproj", "{3F52929B-E799-42E6-861D-D9CAE0AC3E9C}"
EndProject
Project("{FAE04EC0-301F-11D3-BF4B-00C04F79EFBC}") = "G1ANT.Addon.Pdf", "G1ANT.Addon.Pdf\G1ANT.Addon.Pdf.csproj", "{4DB9E42D-6491-45DC-92BD-F7F530968EF2}"
EndProject
Project("{FAE04EC0-301F-11D3-BF4B-00C04F79EFBC}") = "G1ANT.Addon.Xlsx", "G1ANT.Addon.Xlsx\G1ANT.Addon.Xlsx\G1ANT.Addon.Xlsx.csproj", "{1314487E-1C64-478A-8163-FFCD4C526F65}"
EndProject
Project("{FAE04EC0-301F-11D3-BF4B-00C04F79EFBC}") = "G1ANT.Addon.Xlsx.Tests", "G1ANT.Addon.Xlsx\G1ANT.Addon.Xlsx.Tests\G1ANT.Addon.Xlsx.Tests.csproj", "{948BD6F9-FE0E-41F8-937A-B394A0EDDCA4}"
EndProject
Global
	GlobalSection(SolutionConfigurationPlatforms) = preSolution
		AutomatedDebug|Any CPU = AutomatedDebug|Any CPU
		Debug (.Net 4.0)|Any CPU = Debug (.Net 4.0)|Any CPU
		Debug|Any CPU = Debug|Any CPU
		Release (.Net 4.0)|Any CPU = Release (.Net 4.0)|Any CPU
		Release|Any CPU = Release|Any CPU
	EndGlobalSection
	GlobalSection(ProjectConfigurationPlatforms) = postSolution
		{CEA69D5A-91C9-43D9-8928-F41D69E85BAF}.AutomatedDebug|Any CPU.ActiveCfg = Debug|Any CPU
		{CEA69D5A-91C9-43D9-8928-F41D69E85BAF}.AutomatedDebug|Any CPU.Build.0 = Debug|Any CPU
		{CEA69D5A-91C9-43D9-8928-F41D69E85BAF}.Debug (.Net 4.0)|Any CPU.ActiveCfg = Debug|Any CPU
		{CEA69D5A-91C9-43D9-8928-F41D69E85BAF}.Debug (.Net 4.0)|Any CPU.Build.0 = Debug|Any CPU
		{CEA69D5A-91C9-43D9-8928-F41D69E85BAF}.Debug|Any CPU.ActiveCfg = Debug|Any CPU
		{CEA69D5A-91C9-43D9-8928-F41D69E85BAF}.Debug|Any CPU.Build.0 = Debug|Any CPU
		{CEA69D5A-91C9-43D9-8928-F41D69E85BAF}.Release (.Net 4.0)|Any CPU.ActiveCfg = Release|Any CPU
		{CEA69D5A-91C9-43D9-8928-F41D69E85BAF}.Release (.Net 4.0)|Any CPU.Build.0 = Release|Any CPU
		{CEA69D5A-91C9-43D9-8928-F41D69E85BAF}.Release|Any CPU.ActiveCfg = Release|Any CPU
		{CEA69D5A-91C9-43D9-8928-F41D69E85BAF}.Release|Any CPU.Build.0 = Release|Any CPU
		{E2E36395-6AE4-42EB-8FD7-9A7C9B7C37B5}.AutomatedDebug|Any CPU.ActiveCfg = Debug|Any CPU
		{E2E36395-6AE4-42EB-8FD7-9A7C9B7C37B5}.AutomatedDebug|Any CPU.Build.0 = Debug|Any CPU
		{E2E36395-6AE4-42EB-8FD7-9A7C9B7C37B5}.Debug (.Net 4.0)|Any CPU.ActiveCfg = Debug|Any CPU
		{E2E36395-6AE4-42EB-8FD7-9A7C9B7C37B5}.Debug (.Net 4.0)|Any CPU.Build.0 = Debug|Any CPU
		{E2E36395-6AE4-42EB-8FD7-9A7C9B7C37B5}.Debug|Any CPU.ActiveCfg = Debug|Any CPU
		{E2E36395-6AE4-42EB-8FD7-9A7C9B7C37B5}.Debug|Any CPU.Build.0 = Debug|Any CPU
		{E2E36395-6AE4-42EB-8FD7-9A7C9B7C37B5}.Release (.Net 4.0)|Any CPU.ActiveCfg = Release|Any CPU
		{E2E36395-6AE4-42EB-8FD7-9A7C9B7C37B5}.Release (.Net 4.0)|Any CPU.Build.0 = Release|Any CPU
		{E2E36395-6AE4-42EB-8FD7-9A7C9B7C37B5}.Release|Any CPU.ActiveCfg = Release|Any CPU
		{E2E36395-6AE4-42EB-8FD7-9A7C9B7C37B5}.Release|Any CPU.Build.0 = Release|Any CPU
		{BAFB3E9D-4BDD-4D7D-9237-435F7F32882A}.AutomatedDebug|Any CPU.ActiveCfg = Debug|Any CPU
		{BAFB3E9D-4BDD-4D7D-9237-435F7F32882A}.AutomatedDebug|Any CPU.Build.0 = Debug|Any CPU
		{BAFB3E9D-4BDD-4D7D-9237-435F7F32882A}.Debug (.Net 4.0)|Any CPU.ActiveCfg = Debug|Any CPU
		{BAFB3E9D-4BDD-4D7D-9237-435F7F32882A}.Debug (.Net 4.0)|Any CPU.Build.0 = Debug|Any CPU
		{BAFB3E9D-4BDD-4D7D-9237-435F7F32882A}.Debug|Any CPU.ActiveCfg = Debug|Any CPU
		{BAFB3E9D-4BDD-4D7D-9237-435F7F32882A}.Debug|Any CPU.Build.0 = Debug|Any CPU
		{BAFB3E9D-4BDD-4D7D-9237-435F7F32882A}.Release (.Net 4.0)|Any CPU.ActiveCfg = Release|Any CPU
		{BAFB3E9D-4BDD-4D7D-9237-435F7F32882A}.Release (.Net 4.0)|Any CPU.Build.0 = Release|Any CPU
		{BAFB3E9D-4BDD-4D7D-9237-435F7F32882A}.Release|Any CPU.ActiveCfg = Release|Any CPU
		{BAFB3E9D-4BDD-4D7D-9237-435F7F32882A}.Release|Any CPU.Build.0 = Release|Any CPU
		{217E2D34-F6DF-431B-AC5A-B368F481A530}.AutomatedDebug|Any CPU.ActiveCfg = AutomatedDebug|Any CPU
		{217E2D34-F6DF-431B-AC5A-B368F481A530}.AutomatedDebug|Any CPU.Build.0 = AutomatedDebug|Any CPU
		{217E2D34-F6DF-431B-AC5A-B368F481A530}.Debug (.Net 4.0)|Any CPU.ActiveCfg = Debug (.Net 4.0)|Any CPU
		{217E2D34-F6DF-431B-AC5A-B368F481A530}.Debug (.Net 4.0)|Any CPU.Build.0 = Debug (.Net 4.0)|Any CPU
		{217E2D34-F6DF-431B-AC5A-B368F481A530}.Debug|Any CPU.ActiveCfg = AutomatedDebug|Any CPU
		{217E2D34-F6DF-431B-AC5A-B368F481A530}.Debug|Any CPU.Build.0 = AutomatedDebug|Any CPU
		{217E2D34-F6DF-431B-AC5A-B368F481A530}.Release (.Net 4.0)|Any CPU.ActiveCfg = Release (.Net 4.0)|Any CPU
		{217E2D34-F6DF-431B-AC5A-B368F481A530}.Release (.Net 4.0)|Any CPU.Build.0 = Release (.Net 4.0)|Any CPU
		{217E2D34-F6DF-431B-AC5A-B368F481A530}.Release|Any CPU.ActiveCfg = Release (.Net 4.0)|Any CPU
		{217E2D34-F6DF-431B-AC5A-B368F481A530}.Release|Any CPU.Build.0 = Release (.Net 4.0)|Any CPU
		{FF7591D8-EAE0-4F74-90B0-ECBBD972CB41}.AutomatedDebug|Any CPU.ActiveCfg = Debug|Any CPU
		{FF7591D8-EAE0-4F74-90B0-ECBBD972CB41}.AutomatedDebug|Any CPU.Build.0 = Debug|Any CPU
		{FF7591D8-EAE0-4F74-90B0-ECBBD972CB41}.Debug (.Net 4.0)|Any CPU.ActiveCfg = Debug|Any CPU
		{FF7591D8-EAE0-4F74-90B0-ECBBD972CB41}.Debug (.Net 4.0)|Any CPU.Build.0 = Debug|Any CPU
		{FF7591D8-EAE0-4F74-90B0-ECBBD972CB41}.Debug|Any CPU.ActiveCfg = Debug|Any CPU
		{FF7591D8-EAE0-4F74-90B0-ECBBD972CB41}.Debug|Any CPU.Build.0 = Debug|Any CPU
		{FF7591D8-EAE0-4F74-90B0-ECBBD972CB41}.Release (.Net 4.0)|Any CPU.ActiveCfg = Release|Any CPU
		{FF7591D8-EAE0-4F74-90B0-ECBBD972CB41}.Release (.Net 4.0)|Any CPU.Build.0 = Release|Any CPU
		{FF7591D8-EAE0-4F74-90B0-ECBBD972CB41}.Release|Any CPU.ActiveCfg = Release|Any CPU
		{FF7591D8-EAE0-4F74-90B0-ECBBD972CB41}.Release|Any CPU.Build.0 = Release|Any CPU
		{3A10D8A2-7812-41ED-AB27-2C60F3B856D5}.AutomatedDebug|Any CPU.ActiveCfg = Debug|Any CPU
		{3A10D8A2-7812-41ED-AB27-2C60F3B856D5}.AutomatedDebug|Any CPU.Build.0 = Debug|Any CPU
		{3A10D8A2-7812-41ED-AB27-2C60F3B856D5}.Debug (.Net 4.0)|Any CPU.ActiveCfg = Debug|Any CPU
		{3A10D8A2-7812-41ED-AB27-2C60F3B856D5}.Debug (.Net 4.0)|Any CPU.Build.0 = Debug|Any CPU
		{3A10D8A2-7812-41ED-AB27-2C60F3B856D5}.Debug|Any CPU.ActiveCfg = Debug|Any CPU
		{3A10D8A2-7812-41ED-AB27-2C60F3B856D5}.Debug|Any CPU.Build.0 = Debug|Any CPU
		{3A10D8A2-7812-41ED-AB27-2C60F3B856D5}.Release (.Net 4.0)|Any CPU.ActiveCfg = Release|Any CPU
		{3A10D8A2-7812-41ED-AB27-2C60F3B856D5}.Release (.Net 4.0)|Any CPU.Build.0 = Release|Any CPU
		{3A10D8A2-7812-41ED-AB27-2C60F3B856D5}.Release|Any CPU.ActiveCfg = Release|Any CPU
		{3A10D8A2-7812-41ED-AB27-2C60F3B856D5}.Release|Any CPU.Build.0 = Release|Any CPU
		{067E5148-0829-44D5-92CE-8AAC1CEB7E45}.AutomatedDebug|Any CPU.ActiveCfg = Debug|Any CPU
		{067E5148-0829-44D5-92CE-8AAC1CEB7E45}.AutomatedDebug|Any CPU.Build.0 = Debug|Any CPU
		{067E5148-0829-44D5-92CE-8AAC1CEB7E45}.Debug (.Net 4.0)|Any CPU.ActiveCfg = Debug|Any CPU
		{067E5148-0829-44D5-92CE-8AAC1CEB7E45}.Debug (.Net 4.0)|Any CPU.Build.0 = Debug|Any CPU
		{067E5148-0829-44D5-92CE-8AAC1CEB7E45}.Debug|Any CPU.ActiveCfg = Debug|Any CPU
		{067E5148-0829-44D5-92CE-8AAC1CEB7E45}.Debug|Any CPU.Build.0 = Debug|Any CPU
		{067E5148-0829-44D5-92CE-8AAC1CEB7E45}.Release (.Net 4.0)|Any CPU.ActiveCfg = Release|Any CPU
		{067E5148-0829-44D5-92CE-8AAC1CEB7E45}.Release (.Net 4.0)|Any CPU.Build.0 = Release|Any CPU
		{067E5148-0829-44D5-92CE-8AAC1CEB7E45}.Release|Any CPU.ActiveCfg = Release|Any CPU
		{067E5148-0829-44D5-92CE-8AAC1CEB7E45}.Release|Any CPU.Build.0 = Release|Any CPU
		{C8DB051F-B029-4758-A9B8-209F1A45223D}.AutomatedDebug|Any CPU.ActiveCfg = Debug|Any CPU
		{C8DB051F-B029-4758-A9B8-209F1A45223D}.AutomatedDebug|Any CPU.Build.0 = Debug|Any CPU
		{C8DB051F-B029-4758-A9B8-209F1A45223D}.Debug (.Net 4.0)|Any CPU.ActiveCfg = Debug|Any CPU
		{C8DB051F-B029-4758-A9B8-209F1A45223D}.Debug (.Net 4.0)|Any CPU.Build.0 = Debug|Any CPU
		{C8DB051F-B029-4758-A9B8-209F1A45223D}.Debug|Any CPU.ActiveCfg = Debug|Any CPU
		{C8DB051F-B029-4758-A9B8-209F1A45223D}.Debug|Any CPU.Build.0 = Debug|Any CPU
		{C8DB051F-B029-4758-A9B8-209F1A45223D}.Release (.Net 4.0)|Any CPU.ActiveCfg = Release|Any CPU
		{C8DB051F-B029-4758-A9B8-209F1A45223D}.Release (.Net 4.0)|Any CPU.Build.0 = Release|Any CPU
		{C8DB051F-B029-4758-A9B8-209F1A45223D}.Release|Any CPU.ActiveCfg = Release|Any CPU
		{C8DB051F-B029-4758-A9B8-209F1A45223D}.Release|Any CPU.Build.0 = Release|Any CPU
		{0C40C844-5B27-4C04-917D-E6999C6D756B}.AutomatedDebug|Any CPU.ActiveCfg = Debug|Any CPU
		{0C40C844-5B27-4C04-917D-E6999C6D756B}.AutomatedDebug|Any CPU.Build.0 = Debug|Any CPU
		{0C40C844-5B27-4C04-917D-E6999C6D756B}.Debug (.Net 4.0)|Any CPU.ActiveCfg = Debug|Any CPU
		{0C40C844-5B27-4C04-917D-E6999C6D756B}.Debug (.Net 4.0)|Any CPU.Build.0 = Debug|Any CPU
		{0C40C844-5B27-4C04-917D-E6999C6D756B}.Debug|Any CPU.ActiveCfg = Debug|Any CPU
		{0C40C844-5B27-4C04-917D-E6999C6D756B}.Debug|Any CPU.Build.0 = Debug|Any CPU
		{0C40C844-5B27-4C04-917D-E6999C6D756B}.Release (.Net 4.0)|Any CPU.ActiveCfg = Release|Any CPU
		{0C40C844-5B27-4C04-917D-E6999C6D756B}.Release (.Net 4.0)|Any CPU.Build.0 = Release|Any CPU
		{0C40C844-5B27-4C04-917D-E6999C6D756B}.Release|Any CPU.ActiveCfg = Release|Any CPU
		{0C40C844-5B27-4C04-917D-E6999C6D756B}.Release|Any CPU.Build.0 = Release|Any CPU
		{3B1DC446-00EF-4DC1-AD42-41D76C3DE2A8}.AutomatedDebug|Any CPU.ActiveCfg = Debug|Any CPU
		{3B1DC446-00EF-4DC1-AD42-41D76C3DE2A8}.AutomatedDebug|Any CPU.Build.0 = Debug|Any CPU
		{3B1DC446-00EF-4DC1-AD42-41D76C3DE2A8}.Debug (.Net 4.0)|Any CPU.ActiveCfg = Debug|Any CPU
		{3B1DC446-00EF-4DC1-AD42-41D76C3DE2A8}.Debug (.Net 4.0)|Any CPU.Build.0 = Debug|Any CPU
		{3B1DC446-00EF-4DC1-AD42-41D76C3DE2A8}.Debug|Any CPU.ActiveCfg = Debug|Any CPU
		{3B1DC446-00EF-4DC1-AD42-41D76C3DE2A8}.Debug|Any CPU.Build.0 = Debug|Any CPU
		{3B1DC446-00EF-4DC1-AD42-41D76C3DE2A8}.Release (.Net 4.0)|Any CPU.ActiveCfg = Release|Any CPU
		{3B1DC446-00EF-4DC1-AD42-41D76C3DE2A8}.Release (.Net 4.0)|Any CPU.Build.0 = Release|Any CPU
		{3B1DC446-00EF-4DC1-AD42-41D76C3DE2A8}.Release|Any CPU.ActiveCfg = Release|Any CPU
		{3B1DC446-00EF-4DC1-AD42-41D76C3DE2A8}.Release|Any CPU.Build.0 = Release|Any CPU
		{700E09BD-F443-4181-A42A-E9D098F652AD}.AutomatedDebug|Any CPU.ActiveCfg = Debug|Any CPU
		{700E09BD-F443-4181-A42A-E9D098F652AD}.AutomatedDebug|Any CPU.Build.0 = Debug|Any CPU
		{700E09BD-F443-4181-A42A-E9D098F652AD}.Debug (.Net 4.0)|Any CPU.ActiveCfg = Debug|Any CPU
		{700E09BD-F443-4181-A42A-E9D098F652AD}.Debug (.Net 4.0)|Any CPU.Build.0 = Debug|Any CPU
		{700E09BD-F443-4181-A42A-E9D098F652AD}.Debug|Any CPU.ActiveCfg = Debug|Any CPU
		{700E09BD-F443-4181-A42A-E9D098F652AD}.Debug|Any CPU.Build.0 = Debug|Any CPU
		{700E09BD-F443-4181-A42A-E9D098F652AD}.Release (.Net 4.0)|Any CPU.ActiveCfg = Release|Any CPU
		{700E09BD-F443-4181-A42A-E9D098F652AD}.Release (.Net 4.0)|Any CPU.Build.0 = Release|Any CPU
		{700E09BD-F443-4181-A42A-E9D098F652AD}.Release|Any CPU.ActiveCfg = Release|Any CPU
		{700E09BD-F443-4181-A42A-E9D098F652AD}.Release|Any CPU.Build.0 = Release|Any CPU
		{DC8C80D5-3786-46C0-8D10-7E4997182C12}.AutomatedDebug|Any CPU.ActiveCfg = Debug|Any CPU
		{DC8C80D5-3786-46C0-8D10-7E4997182C12}.AutomatedDebug|Any CPU.Build.0 = Debug|Any CPU
		{DC8C80D5-3786-46C0-8D10-7E4997182C12}.Debug (.Net 4.0)|Any CPU.ActiveCfg = Debug|Any CPU
		{DC8C80D5-3786-46C0-8D10-7E4997182C12}.Debug (.Net 4.0)|Any CPU.Build.0 = Debug|Any CPU
		{DC8C80D5-3786-46C0-8D10-7E4997182C12}.Debug|Any CPU.ActiveCfg = Debug|Any CPU
		{DC8C80D5-3786-46C0-8D10-7E4997182C12}.Debug|Any CPU.Build.0 = Debug|Any CPU
		{DC8C80D5-3786-46C0-8D10-7E4997182C12}.Release (.Net 4.0)|Any CPU.ActiveCfg = Release|Any CPU
		{DC8C80D5-3786-46C0-8D10-7E4997182C12}.Release (.Net 4.0)|Any CPU.Build.0 = Release|Any CPU
		{DC8C80D5-3786-46C0-8D10-7E4997182C12}.Release|Any CPU.ActiveCfg = Release|Any CPU
		{DC8C80D5-3786-46C0-8D10-7E4997182C12}.Release|Any CPU.Build.0 = Release|Any CPU
		{3318187F-3198-4D74-B39E-7D86FAF06D97}.AutomatedDebug|Any CPU.ActiveCfg = Debug|Any CPU
		{3318187F-3198-4D74-B39E-7D86FAF06D97}.AutomatedDebug|Any CPU.Build.0 = Debug|Any CPU
		{3318187F-3198-4D74-B39E-7D86FAF06D97}.Debug (.Net 4.0)|Any CPU.ActiveCfg = Debug|Any CPU
		{3318187F-3198-4D74-B39E-7D86FAF06D97}.Debug (.Net 4.0)|Any CPU.Build.0 = Debug|Any CPU
		{3318187F-3198-4D74-B39E-7D86FAF06D97}.Debug|Any CPU.ActiveCfg = Debug|Any CPU
		{3318187F-3198-4D74-B39E-7D86FAF06D97}.Debug|Any CPU.Build.0 = Debug|Any CPU
		{3318187F-3198-4D74-B39E-7D86FAF06D97}.Release (.Net 4.0)|Any CPU.ActiveCfg = Release|Any CPU
		{3318187F-3198-4D74-B39E-7D86FAF06D97}.Release (.Net 4.0)|Any CPU.Build.0 = Release|Any CPU
		{3318187F-3198-4D74-B39E-7D86FAF06D97}.Release|Any CPU.ActiveCfg = Release|Any CPU
		{3318187F-3198-4D74-B39E-7D86FAF06D97}.Release|Any CPU.Build.0 = Release|Any CPU
		{FF05A155-C4AB-4B5F-A4ED-0FB0D2B94EF9}.AutomatedDebug|Any CPU.ActiveCfg = Debug|Any CPU
		{FF05A155-C4AB-4B5F-A4ED-0FB0D2B94EF9}.AutomatedDebug|Any CPU.Build.0 = Debug|Any CPU
		{FF05A155-C4AB-4B5F-A4ED-0FB0D2B94EF9}.Debug (.Net 4.0)|Any CPU.ActiveCfg = Debug|Any CPU
		{FF05A155-C4AB-4B5F-A4ED-0FB0D2B94EF9}.Debug (.Net 4.0)|Any CPU.Build.0 = Debug|Any CPU
		{FF05A155-C4AB-4B5F-A4ED-0FB0D2B94EF9}.Debug|Any CPU.ActiveCfg = Debug|Any CPU
		{FF05A155-C4AB-4B5F-A4ED-0FB0D2B94EF9}.Debug|Any CPU.Build.0 = Debug|Any CPU
		{FF05A155-C4AB-4B5F-A4ED-0FB0D2B94EF9}.Release (.Net 4.0)|Any CPU.ActiveCfg = Release|Any CPU
		{FF05A155-C4AB-4B5F-A4ED-0FB0D2B94EF9}.Release (.Net 4.0)|Any CPU.Build.0 = Release|Any CPU
		{FF05A155-C4AB-4B5F-A4ED-0FB0D2B94EF9}.Release|Any CPU.ActiveCfg = Release|Any CPU
		{FF05A155-C4AB-4B5F-A4ED-0FB0D2B94EF9}.Release|Any CPU.Build.0 = Release|Any CPU
		{B748C68E-D446-4659-AB58-B995EB075BD5}.AutomatedDebug|Any CPU.ActiveCfg = Debug|Any CPU
		{B748C68E-D446-4659-AB58-B995EB075BD5}.AutomatedDebug|Any CPU.Build.0 = Debug|Any CPU
		{B748C68E-D446-4659-AB58-B995EB075BD5}.Debug (.Net 4.0)|Any CPU.ActiveCfg = Debug|Any CPU
		{B748C68E-D446-4659-AB58-B995EB075BD5}.Debug (.Net 4.0)|Any CPU.Build.0 = Debug|Any CPU
		{B748C68E-D446-4659-AB58-B995EB075BD5}.Debug|Any CPU.ActiveCfg = Debug|Any CPU
		{B748C68E-D446-4659-AB58-B995EB075BD5}.Debug|Any CPU.Build.0 = Debug|Any CPU
		{B748C68E-D446-4659-AB58-B995EB075BD5}.Release (.Net 4.0)|Any CPU.ActiveCfg = Release|Any CPU
		{B748C68E-D446-4659-AB58-B995EB075BD5}.Release (.Net 4.0)|Any CPU.Build.0 = Release|Any CPU
		{B748C68E-D446-4659-AB58-B995EB075BD5}.Release|Any CPU.ActiveCfg = Release|Any CPU
		{B748C68E-D446-4659-AB58-B995EB075BD5}.Release|Any CPU.Build.0 = Release|Any CPU
		{5A6E726B-4BDE-470B-863F-114320914C9B}.AutomatedDebug|Any CPU.ActiveCfg = Debug|Any CPU
		{5A6E726B-4BDE-470B-863F-114320914C9B}.AutomatedDebug|Any CPU.Build.0 = Debug|Any CPU
		{5A6E726B-4BDE-470B-863F-114320914C9B}.Debug (.Net 4.0)|Any CPU.ActiveCfg = Debug|Any CPU
		{5A6E726B-4BDE-470B-863F-114320914C9B}.Debug (.Net 4.0)|Any CPU.Build.0 = Debug|Any CPU
		{5A6E726B-4BDE-470B-863F-114320914C9B}.Debug|Any CPU.ActiveCfg = Debug|Any CPU
		{5A6E726B-4BDE-470B-863F-114320914C9B}.Debug|Any CPU.Build.0 = Debug|Any CPU
		{5A6E726B-4BDE-470B-863F-114320914C9B}.Release (.Net 4.0)|Any CPU.ActiveCfg = Release|Any CPU
		{5A6E726B-4BDE-470B-863F-114320914C9B}.Release (.Net 4.0)|Any CPU.Build.0 = Release|Any CPU
		{5A6E726B-4BDE-470B-863F-114320914C9B}.Release|Any CPU.ActiveCfg = Release|Any CPU
		{5A6E726B-4BDE-470B-863F-114320914C9B}.Release|Any CPU.Build.0 = Release|Any CPU
		{F7337DE7-7BEE-4163-9398-612F6737E03E}.AutomatedDebug|Any CPU.ActiveCfg = Debug|Any CPU
		{F7337DE7-7BEE-4163-9398-612F6737E03E}.AutomatedDebug|Any CPU.Build.0 = Debug|Any CPU
		{F7337DE7-7BEE-4163-9398-612F6737E03E}.Debug (.Net 4.0)|Any CPU.ActiveCfg = Debug|Any CPU
		{F7337DE7-7BEE-4163-9398-612F6737E03E}.Debug (.Net 4.0)|Any CPU.Build.0 = Debug|Any CPU
		{F7337DE7-7BEE-4163-9398-612F6737E03E}.Debug|Any CPU.ActiveCfg = Debug|Any CPU
		{F7337DE7-7BEE-4163-9398-612F6737E03E}.Debug|Any CPU.Build.0 = Debug|Any CPU
		{F7337DE7-7BEE-4163-9398-612F6737E03E}.Release (.Net 4.0)|Any CPU.ActiveCfg = Release|Any CPU
		{F7337DE7-7BEE-4163-9398-612F6737E03E}.Release (.Net 4.0)|Any CPU.Build.0 = Release|Any CPU
		{F7337DE7-7BEE-4163-9398-612F6737E03E}.Release|Any CPU.ActiveCfg = Release|Any CPU
		{F7337DE7-7BEE-4163-9398-612F6737E03E}.Release|Any CPU.Build.0 = Release|Any CPU
		{41D8DB37-18A0-46EB-A7C4-847C4E54F403}.AutomatedDebug|Any CPU.ActiveCfg = Debug|Any CPU
		{41D8DB37-18A0-46EB-A7C4-847C4E54F403}.AutomatedDebug|Any CPU.Build.0 = Debug|Any CPU
		{41D8DB37-18A0-46EB-A7C4-847C4E54F403}.Debug (.Net 4.0)|Any CPU.ActiveCfg = Debug|Any CPU
		{41D8DB37-18A0-46EB-A7C4-847C4E54F403}.Debug (.Net 4.0)|Any CPU.Build.0 = Debug|Any CPU
		{41D8DB37-18A0-46EB-A7C4-847C4E54F403}.Debug|Any CPU.ActiveCfg = Debug|Any CPU
		{41D8DB37-18A0-46EB-A7C4-847C4E54F403}.Debug|Any CPU.Build.0 = Debug|Any CPU
		{41D8DB37-18A0-46EB-A7C4-847C4E54F403}.Release (.Net 4.0)|Any CPU.ActiveCfg = Release|Any CPU
		{41D8DB37-18A0-46EB-A7C4-847C4E54F403}.Release (.Net 4.0)|Any CPU.Build.0 = Release|Any CPU
		{41D8DB37-18A0-46EB-A7C4-847C4E54F403}.Release|Any CPU.ActiveCfg = Release|Any CPU
		{41D8DB37-18A0-46EB-A7C4-847C4E54F403}.Release|Any CPU.Build.0 = Release|Any CPU
		{F5EC3625-B099-47FD-A4DD-34F78E72831C}.AutomatedDebug|Any CPU.ActiveCfg = Debug|Any CPU
		{F5EC3625-B099-47FD-A4DD-34F78E72831C}.AutomatedDebug|Any CPU.Build.0 = Debug|Any CPU
		{F5EC3625-B099-47FD-A4DD-34F78E72831C}.Debug (.Net 4.0)|Any CPU.ActiveCfg = Debug|Any CPU
		{F5EC3625-B099-47FD-A4DD-34F78E72831C}.Debug (.Net 4.0)|Any CPU.Build.0 = Debug|Any CPU
		{F5EC3625-B099-47FD-A4DD-34F78E72831C}.Debug|Any CPU.ActiveCfg = Debug|Any CPU
		{F5EC3625-B099-47FD-A4DD-34F78E72831C}.Debug|Any CPU.Build.0 = Debug|Any CPU
		{F5EC3625-B099-47FD-A4DD-34F78E72831C}.Release (.Net 4.0)|Any CPU.ActiveCfg = Release|Any CPU
		{F5EC3625-B099-47FD-A4DD-34F78E72831C}.Release (.Net 4.0)|Any CPU.Build.0 = Release|Any CPU
		{F5EC3625-B099-47FD-A4DD-34F78E72831C}.Release|Any CPU.ActiveCfg = Release|Any CPU
		{F5EC3625-B099-47FD-A4DD-34F78E72831C}.Release|Any CPU.Build.0 = Release|Any CPU
		{86EA232A-F651-486F-AC25-1D23D20F4689}.AutomatedDebug|Any CPU.ActiveCfg = Debug|Any CPU
		{86EA232A-F651-486F-AC25-1D23D20F4689}.AutomatedDebug|Any CPU.Build.0 = Debug|Any CPU
		{86EA232A-F651-486F-AC25-1D23D20F4689}.Debug (.Net 4.0)|Any CPU.ActiveCfg = Debug|Any CPU
		{86EA232A-F651-486F-AC25-1D23D20F4689}.Debug (.Net 4.0)|Any CPU.Build.0 = Debug|Any CPU
		{86EA232A-F651-486F-AC25-1D23D20F4689}.Debug|Any CPU.ActiveCfg = Debug|Any CPU
		{86EA232A-F651-486F-AC25-1D23D20F4689}.Debug|Any CPU.Build.0 = Debug|Any CPU
		{86EA232A-F651-486F-AC25-1D23D20F4689}.Release (.Net 4.0)|Any CPU.ActiveCfg = Release|Any CPU
		{86EA232A-F651-486F-AC25-1D23D20F4689}.Release (.Net 4.0)|Any CPU.Build.0 = Release|Any CPU
		{86EA232A-F651-486F-AC25-1D23D20F4689}.Release|Any CPU.ActiveCfg = Release|Any CPU
		{86EA232A-F651-486F-AC25-1D23D20F4689}.Release|Any CPU.Build.0 = Release|Any CPU
		{D955D12E-6054-424F-AD2F-4FBBDD0F0238}.AutomatedDebug|Any CPU.ActiveCfg = Debug|Any CPU
		{D955D12E-6054-424F-AD2F-4FBBDD0F0238}.AutomatedDebug|Any CPU.Build.0 = Debug|Any CPU
		{D955D12E-6054-424F-AD2F-4FBBDD0F0238}.Debug (.Net 4.0)|Any CPU.ActiveCfg = Debug|Any CPU
		{D955D12E-6054-424F-AD2F-4FBBDD0F0238}.Debug (.Net 4.0)|Any CPU.Build.0 = Debug|Any CPU
		{D955D12E-6054-424F-AD2F-4FBBDD0F0238}.Debug|Any CPU.ActiveCfg = Debug|Any CPU
		{D955D12E-6054-424F-AD2F-4FBBDD0F0238}.Debug|Any CPU.Build.0 = Debug|Any CPU
		{D955D12E-6054-424F-AD2F-4FBBDD0F0238}.Release (.Net 4.0)|Any CPU.ActiveCfg = Release|Any CPU
		{D955D12E-6054-424F-AD2F-4FBBDD0F0238}.Release (.Net 4.0)|Any CPU.Build.0 = Release|Any CPU
		{D955D12E-6054-424F-AD2F-4FBBDD0F0238}.Release|Any CPU.ActiveCfg = Release|Any CPU
		{D955D12E-6054-424F-AD2F-4FBBDD0F0238}.Release|Any CPU.Build.0 = Release|Any CPU
		{8941ED70-D9C9-46F6-9229-1DA807645B3A}.AutomatedDebug|Any CPU.ActiveCfg = Debug|Any CPU
		{8941ED70-D9C9-46F6-9229-1DA807645B3A}.AutomatedDebug|Any CPU.Build.0 = Debug|Any CPU
		{8941ED70-D9C9-46F6-9229-1DA807645B3A}.Debug (.Net 4.0)|Any CPU.ActiveCfg = Debug|Any CPU
		{8941ED70-D9C9-46F6-9229-1DA807645B3A}.Debug (.Net 4.0)|Any CPU.Build.0 = Debug|Any CPU
		{8941ED70-D9C9-46F6-9229-1DA807645B3A}.Debug|Any CPU.ActiveCfg = Debug|Any CPU
		{8941ED70-D9C9-46F6-9229-1DA807645B3A}.Debug|Any CPU.Build.0 = Debug|Any CPU
		{8941ED70-D9C9-46F6-9229-1DA807645B3A}.Release (.Net 4.0)|Any CPU.ActiveCfg = Release|Any CPU
		{8941ED70-D9C9-46F6-9229-1DA807645B3A}.Release (.Net 4.0)|Any CPU.Build.0 = Release|Any CPU
		{8941ED70-D9C9-46F6-9229-1DA807645B3A}.Release|Any CPU.ActiveCfg = Release|Any CPU
		{8941ED70-D9C9-46F6-9229-1DA807645B3A}.Release|Any CPU.Build.0 = Release|Any CPU
		{3F52929B-E799-42E6-861D-D9CAE0AC3E9C}.AutomatedDebug|Any CPU.ActiveCfg = Debug|Any CPU
		{3F52929B-E799-42E6-861D-D9CAE0AC3E9C}.AutomatedDebug|Any CPU.Build.0 = Debug|Any CPU
		{3F52929B-E799-42E6-861D-D9CAE0AC3E9C}.Debug (.Net 4.0)|Any CPU.ActiveCfg = Debug|Any CPU
		{3F52929B-E799-42E6-861D-D9CAE0AC3E9C}.Debug (.Net 4.0)|Any CPU.Build.0 = Debug|Any CPU
		{3F52929B-E799-42E6-861D-D9CAE0AC3E9C}.Debug|Any CPU.ActiveCfg = Debug|Any CPU
		{3F52929B-E799-42E6-861D-D9CAE0AC3E9C}.Debug|Any CPU.Build.0 = Debug|Any CPU
		{3F52929B-E799-42E6-861D-D9CAE0AC3E9C}.Release (.Net 4.0)|Any CPU.ActiveCfg = Release|Any CPU
		{3F52929B-E799-42E6-861D-D9CAE0AC3E9C}.Release (.Net 4.0)|Any CPU.Build.0 = Release|Any CPU
		{3F52929B-E799-42E6-861D-D9CAE0AC3E9C}.Release|Any CPU.ActiveCfg = Release|Any CPU
		{3F52929B-E799-42E6-861D-D9CAE0AC3E9C}.Release|Any CPU.Build.0 = Release|Any CPU
		{4DB9E42D-6491-45DC-92BD-F7F530968EF2}.AutomatedDebug|Any CPU.ActiveCfg = Debug|Any CPU
		{4DB9E42D-6491-45DC-92BD-F7F530968EF2}.AutomatedDebug|Any CPU.Build.0 = Debug|Any CPU
		{4DB9E42D-6491-45DC-92BD-F7F530968EF2}.Debug (.Net 4.0)|Any CPU.ActiveCfg = Debug|Any CPU
		{4DB9E42D-6491-45DC-92BD-F7F530968EF2}.Debug (.Net 4.0)|Any CPU.Build.0 = Debug|Any CPU
		{4DB9E42D-6491-45DC-92BD-F7F530968EF2}.Debug|Any CPU.ActiveCfg = Debug|Any CPU
		{4DB9E42D-6491-45DC-92BD-F7F530968EF2}.Debug|Any CPU.Build.0 = Debug|Any CPU
		{4DB9E42D-6491-45DC-92BD-F7F530968EF2}.Release (.Net 4.0)|Any CPU.ActiveCfg = Release|Any CPU
		{4DB9E42D-6491-45DC-92BD-F7F530968EF2}.Release (.Net 4.0)|Any CPU.Build.0 = Release|Any CPU
		{4DB9E42D-6491-45DC-92BD-F7F530968EF2}.Release|Any CPU.ActiveCfg = Release|Any CPU
		{4DB9E42D-6491-45DC-92BD-F7F530968EF2}.Release|Any CPU.Build.0 = Release|Any CPU
		{1314487E-1C64-478A-8163-FFCD4C526F65}.AutomatedDebug|Any CPU.ActiveCfg = Debug|Any CPU
		{1314487E-1C64-478A-8163-FFCD4C526F65}.AutomatedDebug|Any CPU.Build.0 = Debug|Any CPU
		{1314487E-1C64-478A-8163-FFCD4C526F65}.Debug (.Net 4.0)|Any CPU.ActiveCfg = Debug|Any CPU
		{1314487E-1C64-478A-8163-FFCD4C526F65}.Debug (.Net 4.0)|Any CPU.Build.0 = Debug|Any CPU
		{1314487E-1C64-478A-8163-FFCD4C526F65}.Debug|Any CPU.ActiveCfg = Debug|Any CPU
		{1314487E-1C64-478A-8163-FFCD4C526F65}.Debug|Any CPU.Build.0 = Debug|Any CPU
		{1314487E-1C64-478A-8163-FFCD4C526F65}.Release (.Net 4.0)|Any CPU.ActiveCfg = Release|Any CPU
		{1314487E-1C64-478A-8163-FFCD4C526F65}.Release (.Net 4.0)|Any CPU.Build.0 = Release|Any CPU
		{1314487E-1C64-478A-8163-FFCD4C526F65}.Release|Any CPU.ActiveCfg = Release|Any CPU
		{1314487E-1C64-478A-8163-FFCD4C526F65}.Release|Any CPU.Build.0 = Release|Any CPU
		{948BD6F9-FE0E-41F8-937A-B394A0EDDCA4}.AutomatedDebug|Any CPU.ActiveCfg = Debug|Any CPU
		{948BD6F9-FE0E-41F8-937A-B394A0EDDCA4}.AutomatedDebug|Any CPU.Build.0 = Debug|Any CPU
		{948BD6F9-FE0E-41F8-937A-B394A0EDDCA4}.Debug (.Net 4.0)|Any CPU.ActiveCfg = Debug|Any CPU
		{948BD6F9-FE0E-41F8-937A-B394A0EDDCA4}.Debug (.Net 4.0)|Any CPU.Build.0 = Debug|Any CPU
		{948BD6F9-FE0E-41F8-937A-B394A0EDDCA4}.Debug|Any CPU.ActiveCfg = Debug|Any CPU
		{948BD6F9-FE0E-41F8-937A-B394A0EDDCA4}.Debug|Any CPU.Build.0 = Debug|Any CPU
		{948BD6F9-FE0E-41F8-937A-B394A0EDDCA4}.Release (.Net 4.0)|Any CPU.ActiveCfg = Release|Any CPU
		{948BD6F9-FE0E-41F8-937A-B394A0EDDCA4}.Release (.Net 4.0)|Any CPU.Build.0 = Release|Any CPU
		{948BD6F9-FE0E-41F8-937A-B394A0EDDCA4}.Release|Any CPU.ActiveCfg = Release|Any CPU
		{948BD6F9-FE0E-41F8-937A-B394A0EDDCA4}.Release|Any CPU.Build.0 = Release|Any CPU
	EndGlobalSection
	GlobalSection(SolutionProperties) = preSolution
		HideSolutionNode = FALSE
	EndGlobalSection
	GlobalSection(ExtensibilityGlobals) = postSolution
		SolutionGuid = {26D1A627-AA6A-444B-956E-FA70B6D3CAB1}
	EndGlobalSection
EndGlobal
