
Microsoft Visual Studio Solution File, Format Version 12.00
# Visual Studio 15
VisualStudioVersion = 15.0.27004.2008
MinimumVisualStudioVersion = 10.0.40219.1
Project("{FAE04EC0-301F-11D3-BF4B-00C04F79EFBC}") = "G1ANT.Addon.IE", "G1ANT.Addon.IE\G1ANT.Addon.IE.csproj", "{CEA69D5A-91C9-43D9-8928-F41D69E85BAF}"
EndProject
Project("{FAE04EC0-301F-11D3-BF4B-00C04F79EFBC}") = "G1ANT.Addon.MSOffice", "G1ANT.Addon.MSOffice\G1ANT.Addon.MSOffice.csproj", "{E2E36395-6AE4-42EB-8FD7-9A7C9B7C37B5}"
EndProject
Project("{FAE04EC0-301F-11D3-BF4B-00C04F79EFBC}") = "G1ANT.Addon.MSOffice.Tests", "G1ANT.Addon.MSOffice.Tests\G1ANT.Addon.MSOffice.Tests.csproj", "{BAFB3E9D-4BDD-4D7D-9237-435F7F32882A}"
EndProject
Project("{FAE04EC0-301F-11D3-BF4B-00C04F79EFBC}") = "Watin.Core", "Watin.Core\Watin.Core.csproj", "{217E2D34-F6DF-431B-AC5A-B368F481A530}"
EndProject
Project("{FAE04EC0-301F-11D3-BF4B-00C04F79EFBC}") = "G1ANT.Addon.IE.Tests", "G1ANT.Addon.IE.Tests\G1ANT.Addon.IE.Tests.csproj", "{FF7591D8-EAE0-4F74-90B0-ECBBD972CB41}"
EndProject
Project("{FAE04EC0-301F-11D3-BF4B-00C04F79EFBC}") = "G1ANT.Addon.Xls", "G1ANT.Addon.Xls\G1ANT.Addon.Xls.csproj", "{1314487E-1C64-478A-8163-FFCD4C526F65}"
EndProject
Project("{FAE04EC0-301F-11D3-BF4B-00C04F79EFBC}") = "G1ANT.Addon.Xls.Tests", "G1ANT.Addon.Xls.Tests\G1ANT.Addon.Xls.Tests.csproj", "{948BD6F9-FE0E-41F8-937A-B394A0EDDCA4}"
EndProject
Project("{FAE04EC0-301F-11D3-BF4B-00C04F79EFBC}") = "G1ANT.Addon.Selenium", "G1ANT.Addon.Selenium\G1ANT.Addon.Selenium.csproj", "{3A10D8A2-7812-41ED-AB27-2C60F3B856D5}"
EndProject
Project("{FAE04EC0-301F-11D3-BF4B-00C04F79EFBC}") = "G1ANT.Addon.Selenium.Tests", "G1ANT.Addon.Selenium.Tests\G1ANT.Addon.Selenium.Tests.csproj", "{067E5148-0829-44D5-92CE-8AAC1CEB7E45}"
EndProject
Global
	GlobalSection(SolutionConfigurationPlatforms) = preSolution
		AutomatedDebug|Any CPU = AutomatedDebug|Any CPU
		Debug (.Net 4.0)|Any CPU = Debug (.Net 4.0)|Any CPU
		Debug|Any CPU = Debug|Any CPU
		Release (.Net 4.0)|Any CPU = Release (.Net 4.0)|Any CPU
		Release|Any CPU = Release|Any CPU
	EndGlobalSection
	GlobalSection(ProjectConfigurationPlatforms) = postSolution
		{CEA69D5A-91C9-43D9-8928-F41D69E85BAF}.AutomatedDebug|Any CPU.ActiveCfg = Debug|Any CPU
		{CEA69D5A-91C9-43D9-8928-F41D69E85BAF}.AutomatedDebug|Any CPU.Build.0 = Debug|Any CPU
		{CEA69D5A-91C9-43D9-8928-F41D69E85BAF}.Debug (.Net 4.0)|Any CPU.ActiveCfg = Debug|Any CPU
		{CEA69D5A-91C9-43D9-8928-F41D69E85BAF}.Debug (.Net 4.0)|Any CPU.Build.0 = Debug|Any CPU
		{CEA69D5A-91C9-43D9-8928-F41D69E85BAF}.Debug|Any CPU.ActiveCfg = Debug|Any CPU
		{CEA69D5A-91C9-43D9-8928-F41D69E85BAF}.Debug|Any CPU.Build.0 = Debug|Any CPU
		{CEA69D5A-91C9-43D9-8928-F41D69E85BAF}.Release (.Net 4.0)|Any CPU.ActiveCfg = Release|Any CPU
		{CEA69D5A-91C9-43D9-8928-F41D69E85BAF}.Release (.Net 4.0)|Any CPU.Build.0 = Release|Any CPU
		{CEA69D5A-91C9-43D9-8928-F41D69E85BAF}.Release|Any CPU.ActiveCfg = Release|Any CPU
		{CEA69D5A-91C9-43D9-8928-F41D69E85BAF}.Release|Any CPU.Build.0 = Release|Any CPU
		{E2E36395-6AE4-42EB-8FD7-9A7C9B7C37B5}.AutomatedDebug|Any CPU.ActiveCfg = Debug|Any CPU
		{E2E36395-6AE4-42EB-8FD7-9A7C9B7C37B5}.AutomatedDebug|Any CPU.Build.0 = Debug|Any CPU
		{E2E36395-6AE4-42EB-8FD7-9A7C9B7C37B5}.Debug (.Net 4.0)|Any CPU.ActiveCfg = Debug|Any CPU
		{E2E36395-6AE4-42EB-8FD7-9A7C9B7C37B5}.Debug (.Net 4.0)|Any CPU.Build.0 = Debug|Any CPU
		{E2E36395-6AE4-42EB-8FD7-9A7C9B7C37B5}.Debug|Any CPU.ActiveCfg = Debug|Any CPU
		{E2E36395-6AE4-42EB-8FD7-9A7C9B7C37B5}.Debug|Any CPU.Build.0 = Debug|Any CPU
		{E2E36395-6AE4-42EB-8FD7-9A7C9B7C37B5}.Release (.Net 4.0)|Any CPU.ActiveCfg = Release|Any CPU
		{E2E36395-6AE4-42EB-8FD7-9A7C9B7C37B5}.Release (.Net 4.0)|Any CPU.Build.0 = Release|Any CPU
		{E2E36395-6AE4-42EB-8FD7-9A7C9B7C37B5}.Release|Any CPU.ActiveCfg = Release|Any CPU
		{E2E36395-6AE4-42EB-8FD7-9A7C9B7C37B5}.Release|Any CPU.Build.0 = Release|Any CPU
		{BAFB3E9D-4BDD-4D7D-9237-435F7F32882A}.AutomatedDebug|Any CPU.ActiveCfg = Debug|Any CPU
		{BAFB3E9D-4BDD-4D7D-9237-435F7F32882A}.AutomatedDebug|Any CPU.Build.0 = Debug|Any CPU
		{BAFB3E9D-4BDD-4D7D-9237-435F7F32882A}.Debug (.Net 4.0)|Any CPU.ActiveCfg = Debug|Any CPU
		{BAFB3E9D-4BDD-4D7D-9237-435F7F32882A}.Debug (.Net 4.0)|Any CPU.Build.0 = Debug|Any CPU
		{BAFB3E9D-4BDD-4D7D-9237-435F7F32882A}.Debug|Any CPU.ActiveCfg = Debug|Any CPU
		{BAFB3E9D-4BDD-4D7D-9237-435F7F32882A}.Debug|Any CPU.Build.0 = Debug|Any CPU
		{BAFB3E9D-4BDD-4D7D-9237-435F7F32882A}.Release (.Net 4.0)|Any CPU.ActiveCfg = Release|Any CPU
		{BAFB3E9D-4BDD-4D7D-9237-435F7F32882A}.Release (.Net 4.0)|Any CPU.Build.0 = Release|Any CPU
		{BAFB3E9D-4BDD-4D7D-9237-435F7F32882A}.Release|Any CPU.ActiveCfg = Release|Any CPU
		{BAFB3E9D-4BDD-4D7D-9237-435F7F32882A}.Release|Any CPU.Build.0 = Release|Any CPU
		{217E2D34-F6DF-431B-AC5A-B368F481A530}.AutomatedDebug|Any CPU.ActiveCfg = AutomatedDebug|Any CPU
		{217E2D34-F6DF-431B-AC5A-B368F481A530}.AutomatedDebug|Any CPU.Build.0 = AutomatedDebug|Any CPU
		{217E2D34-F6DF-431B-AC5A-B368F481A530}.Debug (.Net 4.0)|Any CPU.ActiveCfg = Debug (.Net 4.0)|Any CPU
		{217E2D34-F6DF-431B-AC5A-B368F481A530}.Debug (.Net 4.0)|Any CPU.Build.0 = Debug (.Net 4.0)|Any CPU
		{217E2D34-F6DF-431B-AC5A-B368F481A530}.Debug|Any CPU.ActiveCfg = AutomatedDebug|Any CPU
		{217E2D34-F6DF-431B-AC5A-B368F481A530}.Debug|Any CPU.Build.0 = AutomatedDebug|Any CPU
		{217E2D34-F6DF-431B-AC5A-B368F481A530}.Release (.Net 4.0)|Any CPU.ActiveCfg = Release (.Net 4.0)|Any CPU
		{217E2D34-F6DF-431B-AC5A-B368F481A530}.Release (.Net 4.0)|Any CPU.Build.0 = Release (.Net 4.0)|Any CPU
		{217E2D34-F6DF-431B-AC5A-B368F481A530}.Release|Any CPU.ActiveCfg = Release (.Net 4.0)|Any CPU
		{217E2D34-F6DF-431B-AC5A-B368F481A530}.Release|Any CPU.Build.0 = Release (.Net 4.0)|Any CPU
		{FF7591D8-EAE0-4F74-90B0-ECBBD972CB41}.AutomatedDebug|Any CPU.ActiveCfg = Debug|Any CPU
		{FF7591D8-EAE0-4F74-90B0-ECBBD972CB41}.AutomatedDebug|Any CPU.Build.0 = Debug|Any CPU
		{FF7591D8-EAE0-4F74-90B0-ECBBD972CB41}.Debug (.Net 4.0)|Any CPU.ActiveCfg = Debug|Any CPU
		{FF7591D8-EAE0-4F74-90B0-ECBBD972CB41}.Debug (.Net 4.0)|Any CPU.Build.0 = Debug|Any CPU
		{FF7591D8-EAE0-4F74-90B0-ECBBD972CB41}.Debug|Any CPU.ActiveCfg = Debug|Any CPU
		{FF7591D8-EAE0-4F74-90B0-ECBBD972CB41}.Debug|Any CPU.Build.0 = Debug|Any CPU
		{FF7591D8-EAE0-4F74-90B0-ECBBD972CB41}.Release (.Net 4.0)|Any CPU.ActiveCfg = Release|Any CPU
		{FF7591D8-EAE0-4F74-90B0-ECBBD972CB41}.Release (.Net 4.0)|Any CPU.Build.0 = Release|Any CPU
		{FF7591D8-EAE0-4F74-90B0-ECBBD972CB41}.Release|Any CPU.ActiveCfg = Release|Any CPU
		{FF7591D8-EAE0-4F74-90B0-ECBBD972CB41}.Release|Any CPU.Build.0 = Release|Any CPU
		{1314487E-1C64-478A-8163-FFCD4C526F65}.AutomatedDebug|Any CPU.ActiveCfg = Debug|Any CPU
		{1314487E-1C64-478A-8163-FFCD4C526F65}.AutomatedDebug|Any CPU.Build.0 = Debug|Any CPU
		{1314487E-1C64-478A-8163-FFCD4C526F65}.Debug (.Net 4.0)|Any CPU.ActiveCfg = Debug|Any CPU
		{1314487E-1C64-478A-8163-FFCD4C526F65}.Debug (.Net 4.0)|Any CPU.Build.0 = Debug|Any CPU
		{1314487E-1C64-478A-8163-FFCD4C526F65}.Debug|Any CPU.ActiveCfg = Debug|Any CPU
		{1314487E-1C64-478A-8163-FFCD4C526F65}.Debug|Any CPU.Build.0 = Debug|Any CPU
		{1314487E-1C64-478A-8163-FFCD4C526F65}.Release (.Net 4.0)|Any CPU.ActiveCfg = Release|Any CPU
		{1314487E-1C64-478A-8163-FFCD4C526F65}.Release (.Net 4.0)|Any CPU.Build.0 = Release|Any CPU
		{1314487E-1C64-478A-8163-FFCD4C526F65}.Release|Any CPU.ActiveCfg = Release|Any CPU
		{1314487E-1C64-478A-8163-FFCD4C526F65}.Release|Any CPU.Build.0 = Release|Any CPU
		{948BD6F9-FE0E-41F8-937A-B394A0EDDCA4}.AutomatedDebug|Any CPU.ActiveCfg = Debug|Any CPU
		{948BD6F9-FE0E-41F8-937A-B394A0EDDCA4}.AutomatedDebug|Any CPU.Build.0 = Debug|Any CPU
		{948BD6F9-FE0E-41F8-937A-B394A0EDDCA4}.Debug (.Net 4.0)|Any CPU.ActiveCfg = Debug|Any CPU
		{948BD6F9-FE0E-41F8-937A-B394A0EDDCA4}.Debug (.Net 4.0)|Any CPU.Build.0 = Debug|Any CPU
		{948BD6F9-FE0E-41F8-937A-B394A0EDDCA4}.Debug|Any CPU.ActiveCfg = Debug|Any CPU
		{948BD6F9-FE0E-41F8-937A-B394A0EDDCA4}.Debug|Any CPU.Build.0 = Debug|Any CPU
		{948BD6F9-FE0E-41F8-937A-B394A0EDDCA4}.Release (.Net 4.0)|Any CPU.ActiveCfg = Release|Any CPU
		{948BD6F9-FE0E-41F8-937A-B394A0EDDCA4}.Release (.Net 4.0)|Any CPU.Build.0 = Release|Any CPU
		{948BD6F9-FE0E-41F8-937A-B394A0EDDCA4}.Release|Any CPU.ActiveCfg = Release|Any CPU
		{948BD6F9-FE0E-41F8-937A-B394A0EDDCA4}.Release|Any CPU.Build.0 = Release|Any CPU
		{3A10D8A2-7812-41ED-AB27-2C60F3B856D5}.AutomatedDebug|Any CPU.ActiveCfg = Debug|Any CPU
		{3A10D8A2-7812-41ED-AB27-2C60F3B856D5}.AutomatedDebug|Any CPU.Build.0 = Debug|Any CPU
		{3A10D8A2-7812-41ED-AB27-2C60F3B856D5}.Debug (.Net 4.0)|Any CPU.ActiveCfg = Debug|Any CPU
		{3A10D8A2-7812-41ED-AB27-2C60F3B856D5}.Debug (.Net 4.0)|Any CPU.Build.0 = Debug|Any CPU
		{3A10D8A2-7812-41ED-AB27-2C60F3B856D5}.Debug|Any CPU.ActiveCfg = Debug|Any CPU
		{3A10D8A2-7812-41ED-AB27-2C60F3B856D5}.Debug|Any CPU.Build.0 = Debug|Any CPU
		{3A10D8A2-7812-41ED-AB27-2C60F3B856D5}.Release (.Net 4.0)|Any CPU.ActiveCfg = Release|Any CPU
		{3A10D8A2-7812-41ED-AB27-2C60F3B856D5}.Release (.Net 4.0)|Any CPU.Build.0 = Release|Any CPU
		{3A10D8A2-7812-41ED-AB27-2C60F3B856D5}.Release|Any CPU.ActiveCfg = Release|Any CPU
		{3A10D8A2-7812-41ED-AB27-2C60F3B856D5}.Release|Any CPU.Build.0 = Release|Any CPU
		{067E5148-0829-44D5-92CE-8AAC1CEB7E45}.AutomatedDebug|Any CPU.ActiveCfg = Debug|Any CPU
		{067E5148-0829-44D5-92CE-8AAC1CEB7E45}.AutomatedDebug|Any CPU.Build.0 = Debug|Any CPU
		{067E5148-0829-44D5-92CE-8AAC1CEB7E45}.Debug (.Net 4.0)|Any CPU.ActiveCfg = Debug|Any CPU
		{067E5148-0829-44D5-92CE-8AAC1CEB7E45}.Debug (.Net 4.0)|Any CPU.Build.0 = Debug|Any CPU
		{067E5148-0829-44D5-92CE-8AAC1CEB7E45}.Debug|Any CPU.ActiveCfg = Debug|Any CPU
		{067E5148-0829-44D5-92CE-8AAC1CEB7E45}.Debug|Any CPU.Build.0 = Debug|Any CPU
		{067E5148-0829-44D5-92CE-8AAC1CEB7E45}.Release (.Net 4.0)|Any CPU.ActiveCfg = Release|Any CPU
		{067E5148-0829-44D5-92CE-8AAC1CEB7E45}.Release (.Net 4.0)|Any CPU.Build.0 = Release|Any CPU
		{067E5148-0829-44D5-92CE-8AAC1CEB7E45}.Release|Any CPU.ActiveCfg = Release|Any CPU
		{067E5148-0829-44D5-92CE-8AAC1CEB7E45}.Release|Any CPU.Build.0 = Release|Any CPU
	EndGlobalSection
	GlobalSection(SolutionProperties) = preSolution
		HideSolutionNode = FALSE
	EndGlobalSection
	GlobalSection(ExtensibilityGlobals) = postSolution
		SolutionGuid = {26D1A627-AA6A-444B-956E-FA70B6D3CAB1}
	EndGlobalSection
EndGlobal
